
Microsoft Visual Studio Solution File, Format Version 12.00
# Visual Studio for Mac
Project("{FAE04EC0-301F-11D3-BF4B-00C04F79EFBC}") = "Assembly-CSharp", "Assembly-CSharp.csproj", "{A6790A76-98C2-3DE0-3795-75AC83CDBE10}"
EndProject
Project("{FAE04EC0-301F-11D3-BF4B-00C04F79EFBC}") = "Assembly-CSharp-Editor", "Assembly-CSharp-Editor.csproj", "{A6D3C48E-80E8-8698-A35A-AB73F28A75BD}"
EndProject
Global
	GlobalSection(SolutionConfigurationPlatforms) = preSolution
		Debug|Any CPU = Debug|Any CPU
		Release|Any CPU = Release|Any CPU
	EndGlobalSection
	GlobalSection(ProjectConfigurationPlatforms) = postSolution
		{A6790A76-98C2-3DE0-3795-75AC83CDBE10}.Debug|Any CPU.ActiveCfg = Debug|Any CPU
		{A6790A76-98C2-3DE0-3795-75AC83CDBE10}.Debug|Any CPU.Build.0 = Debug|Any CPU
		{A6790A76-98C2-3DE0-3795-75AC83CDBE10}.Release|Any CPU.ActiveCfg = Release|Any CPU
		{A6790A76-98C2-3DE0-3795-75AC83CDBE10}.Release|Any CPU.Build.0 = Release|Any CPU
		{A6D3C48E-80E8-8698-A35A-AB73F28A75BD}.Debug|Any CPU.ActiveCfg = Debug|Any CPU
		{A6D3C48E-80E8-8698-A35A-AB73F28A75BD}.Debug|Any CPU.Build.0 = Debug|Any CPU
		{A6D3C48E-80E8-8698-A35A-AB73F28A75BD}.Release|Any CPU.ActiveCfg = Release|Any CPU
		{A6D3C48E-80E8-8698-A35A-AB73F28A75BD}.Release|Any CPU.Build.0 = Release|Any CPU
	EndGlobalSection
	GlobalSection(SolutionProperties) = preSolution
		HideSolutionNode = FALSE
	EndGlobalSection
EndGlobal
